
Microsoft Visual Studio Solution File, Format Version 12.00
Project("{FAE04EC0-301F-11D3-BF4B-00C04F79EFBC}") = "CSharpPractice1", "CSharpPractice1\CSharpPractice1.csproj", "{62E96ECF-2C59-494E-B447-A9EB4B6EE8D9}"
EndProject
Project("{FAE04EC0-301F-11D3-BF4B-00C04F79EFBC}") = "CSharpPractice2", "CSharpPractice2\CSharpPractice2.csproj", "{317EBCBD-635A-4084-9001-54C79E112037}"
EndProject
Project("{FAE04EC0-301F-11D3-BF4B-00C04F79EFBC}") = "CSharpPractice3", "CSharpPractice3\CSharpPractice3.csproj", "{AFBD23F9-E745-483E-B765-CABD0F1267BB}"
EndProject
Project("{FAE04EC0-301F-11D3-BF4B-00C04F79EFBC}") = "CSharpPractice4", "CSharpPractice4\CSharpPractice4.csproj", "{2C7674CC-C57B-4DE2-A4FA-4AFE3865EE7C}"
EndProject
Project("{FAE04EC0-301F-11D3-BF4B-00C04F79EFBC}") = "CSharpPractice5", "CSharpPractice5\CSharpPractice5.csproj", "{E798CCAA-2F95-4731-8A5C-AF33A6B303D3}"
EndProject
Project("{FAE04EC0-301F-11D3-BF4B-00C04F79EFBC}") = "CSharpPractice6", "CSharpPractice6\CSharpPractice6.csproj", "{5395ECF6-3862-4981-9E4B-F7D1F6A262ED}"
EndProject
Global
	GlobalSection(SolutionConfigurationPlatforms) = preSolution
		Debug|Any CPU = Debug|Any CPU
		Release|Any CPU = Release|Any CPU
	EndGlobalSection
	GlobalSection(ProjectConfigurationPlatforms) = postSolution
		{62E96ECF-2C59-494E-B447-A9EB4B6EE8D9}.Debug|Any CPU.ActiveCfg = Debug|Any CPU
		{62E96ECF-2C59-494E-B447-A9EB4B6EE8D9}.Debug|Any CPU.Build.0 = Debug|Any CPU
		{62E96ECF-2C59-494E-B447-A9EB4B6EE8D9}.Release|Any CPU.ActiveCfg = Release|Any CPU
		{62E96ECF-2C59-494E-B447-A9EB4B6EE8D9}.Release|Any CPU.Build.0 = Release|Any CPU
		{317EBCBD-635A-4084-9001-54C79E112037}.Debug|Any CPU.ActiveCfg = Debug|Any CPU
		{317EBCBD-635A-4084-9001-54C79E112037}.Debug|Any CPU.Build.0 = Debug|Any CPU
		{317EBCBD-635A-4084-9001-54C79E112037}.Release|Any CPU.ActiveCfg = Release|Any CPU
		{317EBCBD-635A-4084-9001-54C79E112037}.Release|Any CPU.Build.0 = Release|Any CPU
		{AFBD23F9-E745-483E-B765-CABD0F1267BB}.Debug|Any CPU.ActiveCfg = Debug|Any CPU
		{AFBD23F9-E745-483E-B765-CABD0F1267BB}.Debug|Any CPU.Build.0 = Debug|Any CPU
		{AFBD23F9-E745-483E-B765-CABD0F1267BB}.Release|Any CPU.ActiveCfg = Release|Any CPU
		{AFBD23F9-E745-483E-B765-CABD0F1267BB}.Release|Any CPU.Build.0 = Release|Any CPU
		{2C7674CC-C57B-4DE2-A4FA-4AFE3865EE7C}.Debug|Any CPU.ActiveCfg = Debug|Any CPU
		{2C7674CC-C57B-4DE2-A4FA-4AFE3865EE7C}.Debug|Any CPU.Build.0 = Debug|Any CPU
		{2C7674CC-C57B-4DE2-A4FA-4AFE3865EE7C}.Release|Any CPU.ActiveCfg = Release|Any CPU
		{2C7674CC-C57B-4DE2-A4FA-4AFE3865EE7C}.Release|Any CPU.Build.0 = Release|Any CPU
		{E798CCAA-2F95-4731-8A5C-AF33A6B303D3}.Debug|Any CPU.ActiveCfg = Debug|Any CPU
		{E798CCAA-2F95-4731-8A5C-AF33A6B303D3}.Debug|Any CPU.Build.0 = Debug|Any CPU
		{E798CCAA-2F95-4731-8A5C-AF33A6B303D3}.Release|Any CPU.ActiveCfg = Release|Any CPU
		{E798CCAA-2F95-4731-8A5C-AF33A6B303D3}.Release|Any CPU.Build.0 = Release|Any CPU
		{5395ECF6-3862-4981-9E4B-F7D1F6A262ED}.Debug|Any CPU.ActiveCfg = Debug|Any CPU
		{5395ECF6-3862-4981-9E4B-F7D1F6A262ED}.Debug|Any CPU.Build.0 = Debug|Any CPU
		{5395ECF6-3862-4981-9E4B-F7D1F6A262ED}.Release|Any CPU.ActiveCfg = Release|Any CPU
		{5395ECF6-3862-4981-9E4B-F7D1F6A262ED}.Release|Any CPU.Build.0 = Release|Any CPU
	EndGlobalSection
EndGlobal
